// !$*UTF8*$!
{
	archiveVersion = 1;
	classes = {
	};
	objectVersion = 77;
	objects = {

/* Begin PBXContainerItemProxy section */
		3A442CCB2E41C4900074DB3D /* PBXContainerItemProxy */ = {
			isa = PBXContainerItemProxy;
			containerPortal = 3A442CB12E41C48F0074DB3D /* Project object */;
			proxyType = 1;
			remoteGlobalIDString = 3A442CB82E41C48F0074DB3D;
			remoteInfo = d_n_w;
		};
		3A442CD52E41C4900074DB3D /* PBXContainerItemProxy */ = {
			isa = PBXContainerItemProxy;
			containerPortal = 3A442CB12E41C48F0074DB3D /* Project object */;
			proxyType = 1;
			remoteGlobalIDString = 3A442CB82E41C48F0074DB3D;
			remoteInfo = d_n_w;
		};
/* End PBXContainerItemProxy section */

/* Begin PBXFileReference section */
		3A442CB92E41C48F0074DB3D /* d_n_w.app */ = {isa = PBXFileReference; explicitFileType = wrapper.application; includeInIndex = 0; path = d_n_w.app; sourceTree = BUILT_PRODUCTS_DIR; };
		3A442CCA2E41C4900074DB3D /* d_n_wTests.xctest */ = {isa = PBXFileReference; explicitFileType = wrapper.cfbundle; includeInIndex = 0; path = d_n_wTests.xctest; sourceTree = BUILT_PRODUCTS_DIR; };
		3A442CD42E41C4900074DB3D /* d_n_wUITests.xctest */ = {isa = PBXFileReference; explicitFileType = wrapper.cfbundle; includeInIndex = 0; path = d_n_wUITests.xctest; sourceTree = BUILT_PRODUCTS_DIR; };
/* End PBXFileReference section */

/* Begin PBXFileSystemSynchronizedBuildFileExceptionSet section */
		3A442CDC2E41C4900074DB3D /* Exceptions for "d_n_w" folder in "d_n_w" target */ = {
			isa = PBXFileSystemSynchronizedBuildFileExceptionSet;
			membershipExceptions = (
				Info.plist,
			);
			target = 3A442CB82E41C48F0074DB3D /* d_n_w */;
		};
/* End PBXFileSystemSynchronizedBuildFileExceptionSet section */

/* Begin PBXFileSystemSynchronizedRootGroup section */
		3A442CBB2E41C48F0074DB3D /* d_n_w */ = {
			isa = PBXFileSystemSynchronizedRootGroup;
			exceptions = (
				3A442CDC2E41C4900074DB3D /* Exceptions for "d_n_w" folder in "d_n_w" target */,
			);
			path = d_n_w;
			sourceTree = "<group>";
		};
		3A442CCD2E41C4900074DB3D /* d_n_wTests */ = {
			isa = PBXFileSystemSynchronizedRootGroup;
			path = d_n_wTests;
			sourceTree = "<group>";
		};
		3A442CD72E41C4900074DB3D /* d_n_wUITests */ = {
			isa = PBXFileSystemSynchronizedRootGroup;
			path = d_n_wUITests;
			sourceTree = "<group>";
		};
/* End PBXFileSystemSynchronizedRootGroup section */

/* Begin PBXFrameworksBuildPhase section */
		3A442CB62E41C48F0074DB3D /* Frameworks */ = {
			isa = PBXFrameworksBuildPhase;
			buildActionMask = 2147483647;
			files = (
			);
			runOnlyForDeploymentPostprocessing = 0;
		};
		3A442CC72E41C4900074DB3D /* Frameworks */ = {
			isa = PBXFrameworksBuildPhase;
			buildActionMask = 2147483647;
			files = (
			);
			runOnlyForDeploymentPostprocessing = 0;
		};
		3A442CD12E41C4900074DB3D /* Frameworks */ = {
			isa = PBXFrameworksBuildPhase;
			buildActionMask = 2147483647;
			files = (
			);
			runOnlyForDeploymentPostprocessing = 0;
		};
/* End PBXFrameworksBuildPhase section */

/* Begin PBXGroup section */
		3A442CB02E41C48F0074DB3D = {
			isa = PBXGroup;
			children = (
				3A442CBB2E41C48F0074DB3D /* d_n_w */,
				3A442CCD2E41C4900074DB3D /* d_n_wTests */,
				3A442CD72E41C4900074DB3D /* d_n_wUITests */,
				3A442CBA2E41C48F0074DB3D /* Products */,
			);
			sourceTree = "<group>";
		};
		3A442CBA2E41C48F0074DB3D /* Products */ = {
			isa = PBXGroup;
			children = (
				3A442CB92E41C48F0074DB3D /* d_n_w.app */,
				3A442CCA2E41C4900074DB3D /* d_n_wTests.xctest */,
				3A442CD42E41C4900074DB3D /* d_n_wUITests.xctest */,
			);
			name = Products;
			sourceTree = "<group>";
		};
/* End PBXGroup section */

/* Begin PBXNativeTarget section */
		3A442CB82E41C48F0074DB3D /* d_n_w */ = {
			isa = PBXNativeTarget;
			buildConfigurationList = 3A442CDD2E41C4900074DB3D /* Build configuration list for PBXNativeTarget "d_n_w" */;
			buildPhases = (
				3A442CB52E41C48F0074DB3D /* Sources */,
				3A442CB62E41C48F0074DB3D /* Frameworks */,
				3A442CB72E41C48F0074DB3D /* Resources */,
			);
			buildRules = (
			);
			dependencies = (
			);
			fileSystemSynchronizedGroups = (
				3A442CBB2E41C48F0074DB3D /* d_n_w */,
			);
			name = d_n_w;
			packageProductDependencies = (
			);
			productName = d_n_w;
			productReference = 3A442CB92E41C48F0074DB3D /* d_n_w.app */;
			productType = "com.apple.product-type.application";
		};
		3A442CC92E41C4900074DB3D /* d_n_wTests */ = {
			isa = PBXNativeTarget;
			buildConfigurationList = 3A442CE22E41C4900074DB3D /* Build configuration list for PBXNativeTarget "d_n_wTests" */;
			buildPhases = (
				3A442CC62E41C4900074DB3D /* Sources */,
				3A442CC72E41C4900074DB3D /* Frameworks */,
				3A442CC82E41C4900074DB3D /* Resources */,
			);
			buildRules = (
			);
			dependencies = (
				3A442CCC2E41C4900074DB3D /* PBXTargetDependency */,
			);
			fileSystemSynchronizedGroups = (
				3A442CCD2E41C4900074DB3D /* d_n_wTests */,
			);
			name = d_n_wTests;
			packageProductDependencies = (
			);
			productName = d_n_wTests;
			productReference = 3A442CCA2E41C4900074DB3D /* d_n_wTests.xctest */;
			productType = "com.apple.product-type.bundle.unit-test";
		};
		3A442CD32E41C4900074DB3D /* d_n_wUITests */ = {
			isa = PBXNativeTarget;
			buildConfigurationList = 3A442CE52E41C4900074DB3D /* Build configuration list for PBXNativeTarget "d_n_wUITests" */;
			buildPhases = (
				3A442CD02E41C4900074DB3D /* Sources */,
				3A442CD12E41C4900074DB3D /* Frameworks */,
				3A442CD22E41C4900074DB3D /* Resources */,
			);
			buildRules = (
			);
			dependencies = (
				3A442CD62E41C4900074DB3D /* PBXTargetDependency */,
			);
			fileSystemSynchronizedGroups = (
				3A442CD72E41C4900074DB3D /* d_n_wUITests */,
			);
			name = d_n_wUITests;
			packageProductDependencies = (
			);
			productName = d_n_wUITests;
			productReference = 3A442CD42E41C4900074DB3D /* d_n_wUITests.xctest */;
			productType = "com.apple.product-type.bundle.ui-testing";
		};
/* End PBXNativeTarget section */

/* Begin PBXProject section */
		3A442CB12E41C48F0074DB3D /* Project object */ = {
			isa = PBXProject;
			attributes = {
				BuildIndependentTargetsInParallel = 1;
				LastSwiftUpdateCheck = 1640;
				LastUpgradeCheck = 1640;
				TargetAttributes = {
					3A442CB82E41C48F0074DB3D = {
						CreatedOnToolsVersion = 16.4;
					};
					3A442CC92E41C4900074DB3D = {
						CreatedOnToolsVersion = 16.4;
						TestTargetID = 3A442CB82E41C48F0074DB3D;
					};
					3A442CD32E41C4900074DB3D = {
						CreatedOnToolsVersion = 16.4;
						TestTargetID = 3A442CB82E41C48F0074DB3D;
					};
				};
			};
			buildConfigurationList = 3A442CB42E41C48F0074DB3D /* Build configuration list for PBXProject "d_n_w" */;
			developmentRegion = en;
			hasScannedForEncodings = 0;
			knownRegions = (
				en,
				Base,
			);
			mainGroup = 3A442CB02E41C48F0074DB3D;
			minimizedProjectReferenceProxies = 1;
			preferredProjectObjectVersion = 77;
			productRefGroup = 3A442CBA2E41C48F0074DB3D /* Products */;
			projectDirPath = "";
			projectRoot = "";
			targets = (
				3A442CB82E41C48F0074DB3D /* d_n_w */,
				3A442CC92E41C4900074DB3D /* d_n_wTests */,
				3A442CD32E41C4900074DB3D /* d_n_wUITests */,
			);
		};
/* End PBXProject section */

/* Begin PBXResourcesBuildPhase section */
		3A442CB72E41C48F0074DB3D /* Resources */ = {
			isa = PBXResourcesBuildPhase;
			buildActionMask = 2147483647;
			files = (
			);
			runOnlyForDeploymentPostprocessing = 0;
		};
		3A442CC82E41C4900074DB3D /* Resources */ = {
			isa = PBXResourcesBuildPhase;
			buildActionMask = 2147483647;
			files = (
			);
			runOnlyForDeploymentPostprocessing = 0;
		};
		3A442CD22E41C4900074DB3D /* Resources */ = {
			isa = PBXResourcesBuildPhase;
			buildActionMask = 2147483647;
			files = (
			);
			runOnlyForDeploymentPostprocessing = 0;
		};
/* End PBXResourcesBuildPhase section */

/* Begin PBXSourcesBuildPhase section */
		3A442CB52E41C48F0074DB3D /* Sources */ = {
			isa = PBXSourcesBuildPhase;
			buildActionMask = 2147483647;
			files = (
			);
			runOnlyForDeploymentPostprocessing = 0;
		};
		3A442CC62E41C4900074DB3D /* Sources */ = {
			isa = PBXSourcesBuildPhase;
			buildActionMask = 2147483647;
			files = (
			);
			runOnlyForDeploymentPostprocessing = 0;
		};
		3A442CD02E41C4900074DB3D /* Sources */ = {
			isa = PBXSourcesBuildPhase;
			buildActionMask = 2147483647;
			files = (
			);
			runOnlyForDeploymentPostprocessing = 0;
		};
/* End PBXSourcesBuildPhase section */

/* Begin PBXTargetDependency section */
		3A442CCC2E41C4900074DB3D /* PBXTargetDependency */ = {
			isa = PBXTargetDependency;
			target = 3A442CB82E41C48F0074DB3D /* d_n_w */;
			targetProxy = 3A442CCB2E41C4900074DB3D /* PBXContainerItemProxy */;
		};
		3A442CD62E41C4900074DB3D /* PBXTargetDependency */ = {
			isa = PBXTargetDependency;
			target = 3A442CB82E41C48F0074DB3D /* d_n_w */;
			targetProxy = 3A442CD52E41C4900074DB3D /* PBXContainerItemProxy */;
		};
/* End PBXTargetDependency section */

/* Begin XCBuildConfiguration section */
		3A442CDE2E41C4900074DB3D /* Debug */ = {
			isa = XCBuildConfiguration;
			buildSettings = {
				ASSETCATALOG_COMPILER_APPICON_NAME = AppIcon;
				ASSETCATALOG_COMPILER_GLOBAL_ACCENT_COLOR_NAME = AccentColor;
				CODE_SIGN_ENTITLEMENTS = d_n_w/d_n_w.entitlements;
				CODE_SIGN_STYLE = Automatic;
				CURRENT_PROJECT_VERSION = 1;
				DEVELOPMENT_TEAM = XT3YP399DW;
				ENABLE_PREVIEWS = YES;
				GENERATE_INFOPLIST_FILE = YES;
				INFOPLIST_FILE = d_n_w/Info.plist;
				INFOPLIST_KEY_CFBundleDisplayName = deeds_not_words;
				INFOPLIST_KEY_LSApplicationCategoryType = "public.app-category.sports";
				INFOPLIST_KEY_UIApplicationSceneManifest_Generation = YES;
				INFOPLIST_KEY_UIApplicationSupportsIndirectInputEvents = YES;
				INFOPLIST_KEY_UILaunchScreen_Generation = YES;
				INFOPLIST_KEY_UISupportedInterfaceOrientations_iPad = "UIInterfaceOrientationPortrait UIInterfaceOrientationPortraitUpsideDown UIInterfaceOrientationLandscapeLeft UIInterfaceOrientationLandscapeRight";
				INFOPLIST_KEY_UISupportedInterfaceOrientations_iPhone = "UIInterfaceOrientationPortrait UIInterfaceOrientationLandscapeLeft UIInterfaceOrientationLandscapeRight";
				LD_RUNPATH_SEARCH_PATHS = (
					"$(inherited)",
					"@executable_path/Frameworks",
				);
				MARKETING_VERSION = 1.0;
				PRODUCT_BUNDLE_IDENTIFIER = "com.surfseer.d-n-w";
				PRODUCT_NAME = "$(TARGET_NAME)";
				SWIFT_EMIT_LOC_STRINGS = YES;
				SWIFT_VERSION = 5.0;
				TARGETED_DEVICE_FAMILY = "1,2";
			};
			name = Debug;
		};
		3A442CDF2E41C4900074DB3D /* Release */ = {
			isa = XCBuildConfiguration;
			buildSettings = {
				ASSETCATALOG_COMPILER_APPICON_NAME = AppIcon;
				ASSETCATALOG_COMPILER_GLOBAL_ACCENT_COLOR_NAME = AccentColor;
				CODE_SIGN_ENTITLEMENTS = d_n_w/d_n_w.entitlements;
				CODE_SIGN_STYLE = Automatic;
				CURRENT_PROJECT_VERSION = 1;
				DEVELOPMENT_TEAM = XT3YP399DW;
				ENABLE_PREVIEWS = YES;
				GENERATE_INFOPLIST_FILE = YES;
				INFOPLIST_FILE = d_n_w/Info.plist;
				INFOPLIST_KEY_CFBundleDisplayName = deeds_not_words;
				INFOPLIST_KEY_LSApplicationCategoryType = "public.app-category.sports";
				INFOPLIST_KEY_UIApplicationSceneManifest_Generation = YES;
				INFOPLIST_KEY_UIApplicationSupportsIndirectInputEvents = YES;
				INFOPLIST_KEY_UILaunchScreen_Generation = YES;
				INFOPLIST_KEY_UISupportedInterfaceOrientations_iPad = "UIInterfaceOrientationPortrait UIInterfaceOrientationPortraitUpsideDown UIInterfaceOrientationLandscapeLeft UIInterfaceOrientationLandscapeRight";
				INFOPLIST_KEY_UISupportedInterfaceOrientations_iPhone = "UIInterfaceOrientationPortrait UIInterfaceOrientationLandscapeLeft UIInterfaceOrientationLandscapeRight";
				LD_RUNPATH_SEARCH_PATHS = (
					"$(inherited)",
					"@executable_path/Frameworks",
				);
				MARKETING_VERSION = 1.0;
				PRODUCT_BUNDLE_IDENTIFIER = "com.surfseer.d-n-w";
				PRODUCT_NAME = "$(TARGET_NAME)";
				SWIFT_EMIT_LOC_STRINGS = YES;
				SWIFT_VERSION = 5.0;
				TARGETED_DEVICE_FAMILY = "1,2";
			};
			name = Release;
		};
		3A442CE02E41C4900074DB3D /* Debug */ = {
			isa = XCBuildConfiguration;
			buildSettings = {
				ALWAYS_SEARCH_USER_PATHS = NO;
				ASSETCATALOG_COMPILER_GENERATE_SWIFT_ASSET_SYMBOL_EXTENSIONS = YES;
				CLANG_ANALYZER_NONNULL = YES;
				CLANG_ANALYZER_NUMBER_OBJECT_CONVERSION = YES_AGGRESSIVE;
				CLANG_CXX_LANGUAGE_STANDARD = "gnu++20";
				CLANG_ENABLE_MODULES = YES;
				CLANG_ENABLE_OBJC_ARC = YES;
				CLANG_ENABLE_OBJC_WEAK = YES;
				CLANG_WARN_BLOCK_CAPTURE_AUTORELEASING = YES;
				CLANG_WARN_BOOL_CONVERSION = YES;
				CLANG_WARN_COMMA = YES;
				CLANG_WARN_CONSTANT_CONVERSION = YES;
				CLANG_WARN_DEPRECATED_OBJC_IMPLEMENTATIONS = YES;
				CLANG_WARN_DIRECT_OBJC_ISA_USAGE = YES_ERROR;
				CLANG_WARN_DOCUMENTATION_COMMENTS = YES;
				CLANG_WARN_EMPTY_BODY = YES;
				CLANG_WARN_ENUM_CONVERSION = YES;
				CLANG_WARN_INFINITE_RECURSION = YES;
				CLANG_WARN_INT_CONVERSION = YES;
				CLANG_WARN_NON_LITERAL_NULL_CONVERSION = YES;
				CLANG_WARN_OBJC_IMPLICIT_RETAIN_SELF = YES;
				CLANG_WARN_OBJC_LITERAL_CONVERSION = YES;
				CLANG_WARN_OBJC_ROOT_CLASS = YES_ERROR;
				CLANG_WARN_QUOTED_INCLUDE_IN_FRAMEWORK_HEADER = YES;
				CLANG_WARN_RANGE_LOOP_ANALYSIS = YES;
				CLANG_WARN_STRICT_PROTOTYPES = YES;
				CLANG_WARN_SUSPICIOUS_MOVE = YES;
				CLANG_WARN_UNGUARDED_AVAILABILITY = YES_AGGRESSIVE;
				CLANG_WARN_UNREACHABLE_CODE = YES;
				CLANG_WARN__DUPLICATE_METHOD_MATCH = YES;
				COPY_PHASE_STRIP = NO;
				DEBUG_INFORMATION_FORMAT = dwarf;
				ENABLE_STRICT_OBJC_MSGSEND = YES;
				ENABLE_TESTABILITY = YES;
				ENABLE_USER_SCRIPT_SANDBOXING = YES;
				GCC_C_LANGUAGE_STANDARD = gnu17;
				GCC_DYNAMIC_NO_PIC = NO;
				GCC_NO_COMMON_BLOCKS = YES;
				GCC_OPTIMIZATION_LEVEL = 0;
				GCC_PREPROCESSOR_DEFINITIONS = (
					"DEBUG=1",
					"$(inherited)",
				);
				GCC_WARN_64_TO_32_BIT_CONVERSION = YES;
				GCC_WARN_ABOUT_RETURN_TYPE = YES_ERROR;
				GCC_WARN_UNDECLARED_SELECTOR = YES;
				GCC_WARN_UNINITIALIZED_AUTOS = YES_AGGRESSIVE;
				GCC_WARN_UNUSED_FUNCTION = YES;
				GCC_WARN_UNUSED_VARIABLE = YES;
				IPHONEOS_DEPLOYMENT_TARGET = 15.0;
				LOCALIZATION_PREFERS_STRING_CATALOGS = YES;
				MTL_ENABLE_DEBUG_INFO = INCLUDE_SOURCE;
				MTL_FAST_MATH = YES;
				ONLY_ACTIVE_ARCH = YES;
				SDKROOT = iphoneos;
				SWIFT_ACTIVE_COMPILATION_CONDITIONS = "DEBUG $(inherited)";
				SWIFT_OPTIMIZATION_LEVEL = "-Onone";
			};
			name = Debug;
		};
		3A442CE12E41C4900074DB3D /* Release */ = {
			isa = XCBuildConfiguration;
			buildSettings = {
				ALWAYS_SEARCH_USER_PATHS = NO;
				ASSETCATALOG_COMPILER_GENERATE_SWIFT_ASSET_SYMBOL_EXTENSIONS = YES;
				CLANG_ANALYZER_NONNULL = YES;
				CLANG_ANALYZER_NUMBER_OBJECT_CONVERSION = YES_AGGRESSIVE;
				CLANG_CXX_LANGUAGE_STANDARD = "gnu++20";
				CLANG_ENABLE_MODULES = YES;
				CLANG_ENABLE_OBJC_ARC = YES;
				CLANG_ENABLE_OBJC_WEAK = YES;
				CLANG_WARN_BLOCK_CAPTURE_AUTORELEASING = YES;
				CLANG_WARN_BOOL_CONVERSION = YES;
				CLANG_WARN_COMMA = YES;
				CLANG_WARN_CONSTANT_CONVERSION = YES;
				CLANG_WARN_DEPRECATED_OBJC_IMPLEMENTATIONS = YES;
				CLANG_WARN_DIRECT_OBJC_ISA_USAGE = YES_ERROR;
				CLANG_WARN_DOCUMENTATION_COMMENTS = YES;
				CLANG_WARN_EMPTY_BODY = YES;
				CLANG_WARN_ENUM_CONVERSION = YES;
				CLANG_WARN_INFINITE_RECURSION = YES;
				CLANG_WARN_INT_CONVERSION = YES;
				CLANG_WARN_NON_LITERAL_NULL_CONVERSION = YES;
				CLANG_WARN_OBJC_IMPLICIT_RETAIN_SELF = YES;
				CLANG_WARN_OBJC_LITERAL_CONVERSION = YES;
				CLANG_WARN_OBJC_ROOT_CLASS = YES_ERROR;
				CLANG_WARN_QUOTED_INCLUDE_IN_FRAMEWORK_HEADER = YES;
				CLANG_WARN_RANGE_LOOP_ANALYSIS = YES;
				CLANG_WARN_STRICT_PROTOTYPES = YES;
				CLANG_WARN_SUSPICIOUS_MOVE = YES;
				CLANG_WARN_UNGUARDED_AVAILABILITY = YES_AGGRESSIVE;
				CLANG_WARN_UNREACHABLE_CODE = YES;
				CLANG_WARN__DUPLICATE_METHOD_MATCH = YES;
				COPY_PHASE_STRIP = NO;
				DEBUG_INFORMATION_FORMAT = "dwarf-with-dsym";
				ENABLE_NS_ASSERTIONS = NO;
				ENABLE_STRICT_OBJC_MSGSEND = YES;
				ENABLE_USER_SCRIPT_SANDBOXING = YES;
				GCC_C_LANGUAGE_STANDARD = gnu17;
				GCC_NO_COMMON_BLOCKS = YES;
				GCC_WARN_64_TO_32_BIT_CONVERSION = YES;
				GCC_WARN_ABOUT_RETURN_TYPE = YES_ERROR;
				GCC_WARN_UNDECLARED_SELECTOR = YES;
				GCC_WARN_UNINITIALIZED_AUTOS = YES_AGGRESSIVE;
				GCC_WARN_UNUSED_FUNCTION = YES;
				GCC_WARN_UNUSED_VARIABLE = YES;
				IPHONEOS_DEPLOYMENT_TARGET = 15.0;
				LOCALIZATION_PREFERS_STRING_CATALOGS = YES;
				MTL_ENABLE_DEBUG_INFO = NO;
				MTL_FAST_MATH = YES;
				SDKROOT = iphoneos;
				SWIFT_COMPILATION_MODE = wholemodule;
				VALIDATE_PRODUCT = YES;
			};
			name = Release;
		};
		3A442CE32E41C4900074DB3D /* Debug */ = {
			isa = XCBuildConfiguration;
			buildSettings = {
				BUNDLE_LOADER = "$(TEST_HOST)";
				CODE_SIGN_STYLE = Automatic;
				CURRENT_PROJECT_VERSION = 1;
				GENERATE_INFOPLIST_FILE = YES;
				IPHONEOS_DEPLOYMENT_TARGET = 15.0;
				MARKETING_VERSION = 1.0;
				PRODUCT_BUNDLE_IDENTIFIER = "com.surfseer.d-n-w.tests";
				PRODUCT_NAME = "$(TARGET_NAME)";
				SWIFT_EMIT_LOC_STRINGS = NO;
				SWIFT_VERSION = 5.0;
				TARGETED_DEVICE_FAMILY = "1,2";
				TEST_HOST = "$(BUILT_PRODUCTS_DIR)/d_n_w.app/$(BUNDLE_EXECUTABLE_FOLDER_PATH)/d_n_w";
			};
			name = Debug;
		};
		3A442CE42E41C4900074DB3D /* Release */ = {
			isa = XCBuildConfiguration;
			buildSettings = {
				BUNDLE_LOADER = "$(TEST_HOST)";
				CODE_SIGN_STYLE = Automatic;
				CURRENT_PROJECT_VERSION = 1;
				GENERATE_INFOPLIST_FILE = YES;
				IPHONEOS_DEPLOYMENT_TARGET = 15.0;
				MARKETING_VERSION = 1.0;
				PRODUCT_BUNDLE_IDENTIFIER = "com.surfseer.d-n-w.tests";
				PRODUCT_NAME = "$(TARGET_NAME)";
				SWIFT_EMIT_LOC_STRINGS = NO;
				SWIFT_VERSION = 5.0;
				TARGETED_DEVICE_FAMILY = "1,2";
				TEST_HOST = "$(BUILT_PRODUCTS_DIR)/d_n_w.app/$(BUNDLE_EXECUTABLE_FOLDER_PATH)/d_n_w";
			};
			name = Release;
		};
		3A442CE62E41C4900074DB3D /* Debug */ = {
			isa = XCBuildConfiguration;
			buildSettings = {
				CODE_SIGN_STYLE = Automatic;
				CURRENT_PROJECT_VERSION = 1;
				GENERATE_INFOPLIST_FILE = YES;
				MARKETING_VERSION = 1.0;
				PRODUCT_BUNDLE_IDENTIFIER = "com.surfseer.d-n-w.uitests";
				PRODUCT_NAME = "$(TARGET_NAME)";
				SWIFT_EMIT_LOC_STRINGS = NO;
				SWIFT_VERSION = 5.0;
				TARGETED_DEVICE_FAMILY = "1,2";
				TEST_TARGET_NAME = d_n_w;
			};
			name = Debug;
		};
		3A442CE72E41C4900074DB3D /* Release */ = {
			isa = XCBuildConfiguration;
			buildSettings = {
				CODE_SIGN_STYLE = Automatic;
				CURRENT_PROJECT_VERSION = 1;
				GENERATE_INFOPLIST_FILE = YES;
				MARKETING_VERSION = 1.0;
				PRODUCT_BUNDLE_IDENTIFIER = "com.surfseer.d-n-w.uitests";
				PRODUCT_NAME = "$(TARGET_NAME)";
				SWIFT_EMIT_LOC_STRINGS = NO;
				SWIFT_VERSION = 5.0;
				TARGETED_DEVICE_FAMILY = "1,2";
				TEST_TARGET_NAME = d_n_w;
			};
			name = Release;
		};
/* End XCBuildConfiguration section */

/* Begin XCConfigurationList section */
		3A442CB42E41C48F0074DB3D /* Build configuration list for PBXProject "d_n_w" */ = {
			isa = XCConfigurationList;
			buildConfigurations = (
				3A442CE02E41C4900074DB3D /* Debug */,
				3A442CE12E41C4900074DB3D /* Release */,
			);
			defaultConfigurationIsVisible = 0;
			defaultConfigurationName = Release;
		};
		3A442CDD2E41C4900074DB3D /* Build configuration list for PBXNativeTarget "d_n_w" */ = {
			isa = XCConfigurationList;
			buildConfigurations = (
				3A442CDE2E41C4900074DB3D /* Debug */,
				3A442CDF2E41C4900074DB3D /* Release */,
			);
			defaultConfigurationIsVisible = 0;
			defaultConfigurationName = Release;
		};
		3A442CE22E41C4900074DB3D /* Build configuration list for PBXNativeTarget "d_n_wTests" */ = {
			isa = XCConfigurationList;
			buildConfigurations = (
				3A442CE32E41C4900074DB3D /* Debug */,
				3A442CE42E41C4900074DB3D /* Release */,
			);
			defaultConfigurationIsVisible = 0;
			defaultConfigurationName = Release;
		};
		3A442CE52E41C4900074DB3D /* Build configuration list for PBXNativeTarget "d_n_wUITests" */ = {
			isa = XCConfigurationList;
			buildConfigurations = (
				3A442CE62E41C4900074DB3D /* Debug */,
				3A442CE72E41C4900074DB3D /* Release */,
			);
			defaultConfigurationIsVisible = 0;
			defaultConfigurationName = Release;
		};
/* End XCConfigurationList section */
	};
	rootObject = 3A442CB12E41C48F0074DB3D /* Project object */;
}
